
Microsoft Visual Studio Solution File, Format Version 12.00
# Visual Studio 15
VisualStudioVersion = 15.0.26403.3
MinimumVisualStudioVersion = 10.0.40219.1
Project("{FAE04EC0-301F-11D3-BF4B-00C04F79EFBC}") = "kp", "kp\kp.csproj", "{7BF23BEE-BCE3-4612-952D-1F9E3D697B15}"
EndProject
Project("{FAE04EC0-301F-11D3-BF4B-00C04F79EFBC}") = "WPFToolkit", "..\..\C#\WPFToolkit\WPFToolkit\WPFToolkit.csproj", "{2E68B811-C68D-4E87-A671-A03EE6A980B8}"
EndProject
Project("{9A19103F-16F7-4668-BE54-9A1E7A4F7556}") = "kp.Domain", "..\kp.Web\kp.Domain\kp.Domain.csproj", "{377C3477-15DD-41CD-AB89-42B5C69B18D5}"
EndProject
Global
	GlobalSection(SolutionConfigurationPlatforms) = preSolution
		Debug|Any CPU = Debug|Any CPU
		Release|Any CPU = Release|Any CPU
	EndGlobalSection
	GlobalSection(ProjectConfigurationPlatforms) = postSolution
		{7BF23BEE-BCE3-4612-952D-1F9E3D697B15}.Debug|Any CPU.ActiveCfg = Debug|Any CPU
		{7BF23BEE-BCE3-4612-952D-1F9E3D697B15}.Debug|Any CPU.Build.0 = Debug|Any CPU
		{7BF23BEE-BCE3-4612-952D-1F9E3D697B15}.Release|Any CPU.ActiveCfg = Release|Any CPU
		{7BF23BEE-BCE3-4612-952D-1F9E3D697B15}.Release|Any CPU.Build.0 = Release|Any CPU
		{2E68B811-C68D-4E87-A671-A03EE6A980B8}.Debug|Any CPU.ActiveCfg = Debug|Any CPU
		{2E68B811-C68D-4E87-A671-A03EE6A980B8}.Debug|Any CPU.Build.0 = Debug|Any CPU
		{2E68B811-C68D-4E87-A671-A03EE6A980B8}.Release|Any CPU.ActiveCfg = Release|Any CPU
		{2E68B811-C68D-4E87-A671-A03EE6A980B8}.Release|Any CPU.Build.0 = Release|Any CPU
		{377C3477-15DD-41CD-AB89-42B5C69B18D5}.Debug|Any CPU.ActiveCfg = Debug|Any CPU
		{377C3477-15DD-41CD-AB89-42B5C69B18D5}.Debug|Any CPU.Build.0 = Debug|Any CPU
		{377C3477-15DD-41CD-AB89-42B5C69B18D5}.Release|Any CPU.ActiveCfg = Release|Any CPU
		{377C3477-15DD-41CD-AB89-42B5C69B18D5}.Release|Any CPU.Build.0 = Release|Any CPU
	EndGlobalSection
	GlobalSection(SolutionProperties) = preSolution
		HideSolutionNode = FALSE
	EndGlobalSection
EndGlobal
